
Microsoft Visual Studio Solution File, Format Version 12.00
# Visual Studio Version 17
VisualStudioVersion = 17.3.32922.545
MinimumVisualStudioVersion = 10.0.40219.1
Project("{FAE04EC0-301F-11D3-BF4B-00C04F79EFBC}") = "ZeroHunger", "ZeroHunger.csproj", "{EA8A8067-D07F-408F-A713-1ED1B65BB79F}"
EndProject
Global
	GlobalSection(SolutionConfigurationPlatforms) = preSolution
		Debug|Any CPU = Debug|Any CPU
		Release|Any CPU = Release|Any CPU
	EndGlobalSection
	GlobalSection(ProjectConfigurationPlatforms) = postSolution
		{EA8A8067-D07F-408F-A713-1ED1B65BB79F}.Debug|Any CPU.ActiveCfg = Debug|Any CPU
		{EA8A8067-D07F-408F-A713-1ED1B65BB79F}.Debug|Any CPU.Build.0 = Debug|Any CPU
		{EA8A8067-D07F-408F-A713-1ED1B65BB79F}.Release|Any CPU.ActiveCfg = Release|Any CPU
		{EA8A8067-D07F-408F-A713-1ED1B65BB79F}.Release|Any CPU.Build.0 = Release|Any CPU
	EndGlobalSection
	GlobalSection(SolutionProperties) = preSolution
		HideSolutionNode = FALSE
	EndGlobalSection
	GlobalSection(ExtensibilityGlobals) = postSolution
		SolutionGuid = {908C206F-C200-4B7A-A325-AE26291B963A}
	EndGlobalSection
EndGlobal
